
Microsoft Visual Studio Solution File, Format Version 12.00
# Visual Studio 15
VisualStudioVersion = 15.0.28010.2046
MinimumVisualStudioVersion = 10.0.40219.1
Project("{FAE04EC0-301F-11D3-BF4B-00C04F79EFBC}") = "WordTwist", "WordTwist\WordTwist.csproj", "{9582C1BF-C5C3-4A70-8873-F6D439170FAF}"
EndProject
Global
	GlobalSection(SolutionConfigurationPlatforms) = preSolution
		Debug|Any CPU = Debug|Any CPU
		Release|Any CPU = Release|Any CPU
	EndGlobalSection
	GlobalSection(ProjectConfigurationPlatforms) = postSolution
		{9582C1BF-C5C3-4A70-8873-F6D439170FAF}.Debug|Any CPU.ActiveCfg = Debug|Any CPU
		{9582C1BF-C5C3-4A70-8873-F6D439170FAF}.Debug|Any CPU.Build.0 = Debug|Any CPU
		{9582C1BF-C5C3-4A70-8873-F6D439170FAF}.Release|Any CPU.ActiveCfg = Release|Any CPU
		{9582C1BF-C5C3-4A70-8873-F6D439170FAF}.Release|Any CPU.Build.0 = Release|Any CPU
	EndGlobalSection
	GlobalSection(SolutionProperties) = preSolution
		HideSolutionNode = FALSE
	EndGlobalSection
	GlobalSection(ExtensibilityGlobals) = postSolution
		SolutionGuid = {00B57243-77D9-4930-8E5F-4AADBABAA9C1}
	EndGlobalSection
EndGlobal
